{
  "name": "dashboard-umbo",
  "version": "1.0.0",
  "lockfileVersion": 1,
  "requires": true,
  "dependencies": {
    "@types/geojson": {
      "version": "1.0.4",
      "resolved": "https://registry.npmjs.org/@types/geojson/-/geojson-1.0.4.tgz",
      "integrity": "sha512-idP+xKlqFG1egc5M52mDat/Z0VMrwY93LCd81dzW/IjeTIYTMWuzVu+fBf19QK/mX9K7jM2UNN5nzDRgM950GA=="
    },
    "@types/node": {
      "version": "8.0.32",
      "resolved": "https://registry.npmjs.org/@types/node/-/node-8.0.32.tgz",
      "integrity": "sha512-n1zzgeQehndikZc/8N4rGSZc99cO6Tb3OInKzvWYniJsT/jet3m57buaBFa5cMeVNFosN4PKZ2LM1y16CFD7Rg=="
    },
    "async": {
      "version": "https://registry.npmjs.org/async/-/async-0.9.2.tgz",
      "integrity": "sha1-rqdNXmHB+JlhO/ZL2mbUx48v0X0="
    },
    "bluebird": {
      "version": "3.5.1",
      "resolved": "https://registry.npmjs.org/bluebird/-/bluebird-3.5.1.tgz",
      "integrity": "sha512-MKiLiV+I1AA596t9w1sQJ8jkiSr5+ZKi0WKrYGUn6d1Fx+Ij4tIj+m2WMQSGczs5jZVxV339chE8iwk6F64wjA=="
    },
    "buffer-writer": {
      "version": "https://registry.npmjs.org/buffer-writer/-/buffer-writer-1.0.1.tgz",
      "integrity": "sha1-Iqk2kB4wKa/NdUfrRIfOtpejvwg="
    },
    "caseless": {
      "version": "0.12.0",
      "resolved": "https://registry.npmjs.org/caseless/-/caseless-0.12.0.tgz",
      "integrity": "sha1-G2gcIf+EAzyCZUMJBolCDRhxUdw="
    },
    "cls-bluebird": {
      "version": "2.0.1",
      "resolved": "https://registry.npmjs.org/cls-bluebird/-/cls-bluebird-2.0.1.tgz",
      "integrity": "sha1-wlmkgK4CwOUGE0MHuxPbMERu4uc=",
      "requires": {
        "is-bluebird": "1.0.2",
        "shimmer": "1.1.0"
      }
    },
    "debug": {
      "version": "https://registry.npmjs.org/debug/-/debug-2.6.9.tgz",
      "integrity": "sha1-XRKFFd8TT/Mn6QpMk/Tgd6U2NB8=",
      "requires": {
        "ms": "https://registry.npmjs.org/ms/-/ms-2.0.0.tgz"
      }
    },
    "depd": {
      "version": "1.1.1",
      "resolved": "https://registry.npmjs.org/depd/-/depd-1.1.1.tgz",
      "integrity": "sha1-V4O04cRZ8G+lyif5kfPQbnoxA1k="
    },
    "dottie": {
      "version": "2.0.0",
      "resolved": "https://registry.npmjs.org/dottie/-/dottie-2.0.0.tgz",
      "integrity": "sha1-2hkZgci41xPKARXViYzzl8Lw3dA="
    },
    "encoding": {
      "version": "https://registry.npmjs.org/encoding/-/encoding-0.1.12.tgz",
      "integrity": "sha1-U4tm8+5izRq1HsMjgp0flIDHS+s=",
      "requires": {
        "iconv-lite": "https://registry.npmjs.org/iconv-lite/-/iconv-lite-0.4.19.tgz"
      }
    },
    "eventsource": {
      "version": "https://registry.npmjs.org/eventsource/-/eventsource-0.1.6.tgz",
      "integrity": "sha1-Cs7ehJ7X3RzMMsgRuxG5RNTykjI=",
      "requires": {
        "original": "https://registry.npmjs.org/original/-/original-1.0.0.tgz"
      }
    },
    "faye-websocket": {
      "version": "https://registry.npmjs.org/faye-websocket/-/faye-websocket-0.11.1.tgz",
      "integrity": "sha1-8O/hjE9W5PQK/H4Gxxn9XuYYjzg=",
      "requires": {
        "websocket-driver": "https://registry.npmjs.org/websocket-driver/-/websocket-driver-0.7.0.tgz"
      }
    },
    "fetch": {
      "version": "https://registry.npmjs.org/fetch/-/fetch-0.3.6.tgz",
      "integrity": "sha1-N1Q3GMIqisA8fHscUTe7N/Y9g9g=",
      "requires": {
        "encoding": "https://registry.npmjs.org/encoding/-/encoding-0.1.12.tgz"
      }
    },
    "generic-pool": {
      "version": "3.1.8",
      "resolved": "https://registry.npmjs.org/generic-pool/-/generic-pool-3.1.8.tgz",
      "integrity": "sha1-CYRLZUW8kXfsIYvTXUrYlMZb4nE="
    },
    "http-parser-js": {
      "version": "https://registry.npmjs.org/http-parser-js/-/http-parser-js-0.4.9.tgz",
      "integrity": "sha1-6hoE+2St/wJC6ZdPKX3Uw8rSceE="
    },
    "iconv-lite": {
      "version": "https://registry.npmjs.org/iconv-lite/-/iconv-lite-0.4.19.tgz",
      "integrity": "sha1-90aPYBNfXl2tM5nAqBvpoWA6CCs="
    },
    "inflection": {
      "version": "1.12.0",
      "resolved": "https://registry.npmjs.org/inflection/-/inflection-1.12.0.tgz",
      "integrity": "sha1-ogCTVlbW9fa8TcdQLhrstwMihBY="
    },
    "inherits": {
      "version": "https://registry.npmjs.org/inherits/-/inherits-2.0.3.tgz",
      "integrity": "sha1-Yzwsg+PaQqUC9SRmAiSA9CCCYd4="
    },
    "is-bluebird": {
      "version": "1.0.2",
      "resolved": "https://registry.npmjs.org/is-bluebird/-/is-bluebird-1.0.2.tgz",
      "integrity": "sha1-CWQ5Bg9KpBGr7hkUOoTWpVNG1uI="
    },
    "is-stream": {
      "version": "1.1.0",
      "resolved": "https://registry.npmjs.org/is-stream/-/is-stream-1.1.0.tgz",
      "integrity": "sha1-EtSj3U5o4Lec6428hBc66A2RykQ="
    },
    "is-typedarray": {
      "version": "1.0.0",
      "resolved": "https://registry.npmjs.org/is-typedarray/-/is-typedarray-1.0.0.tgz",
      "integrity": "sha1-5HnICFjfDBsR3dppQPlgEfzaSpo="
    },
    "js-string-escape": {
      "version": "https://registry.npmjs.org/js-string-escape/-/js-string-escape-1.0.1.tgz",
      "integrity": "sha1-4mJbrbwNZ8dTPp7cEGjFh65BN+8="
    },
    "json3": {
      "version": "https://registry.npmjs.org/json3/-/json3-3.3.2.tgz",
      "integrity": "sha1-PAQ0dD35Pi9cQq7nsZvLSDV19OE="
    },
    "lodash": {
      "version": "https://registry.npmjs.org/lodash/-/lodash-2.4.2.tgz",
      "integrity": "sha1-+t2DS5aDBz2hebPq5tnA0VBT9z4="
    },
    "mime": {
      "version": "https://registry.npmjs.org/mime/-/mime-1.2.11.tgz",
      "integrity": "sha1-WCA+7Ybjpe8XrtK32evUfwpg3RA="
    },
    "moment": {
      "version": "2.18.1",
      "resolved": "https://registry.npmjs.org/moment/-/moment-2.18.1.tgz",
      "integrity": "sha1-w2GT3Tzhwu7SrbfIAtu8d6gbHA8="
    },
    "moment-timezone": {
      "version": "0.5.13",
      "resolved": "https://registry.npmjs.org/moment-timezone/-/moment-timezone-0.5.13.tgz",
      "integrity": "sha1-mc5cfYJyYusPH3AgRBd/YHRde5A=",
      "requires": {
        "moment": "2.18.1"
      }
    },
    "ms": {
      "version": "https://registry.npmjs.org/ms/-/ms-2.0.0.tgz",
      "integrity": "sha1-VgiurfwAvmwpAd9fmGF4jeDVl8g="
    },
    "node-fetch": {
      "version": "1.7.3",
      "resolved": "https://registry.npmjs.org/node-fetch/-/node-fetch-1.7.3.tgz",
      "integrity": "sha512-NhZ4CsKx7cYm2vSrBAr2PvFOe6sWDf0UYLRqA6svUYg7+/TSfVAu49jYC4BvQ4Sms9SZgdqGBgroqfDhJdTyKQ==",
      "requires": {
        "encoding": "https://registry.npmjs.org/encoding/-/encoding-0.1.12.tgz",
        "is-stream": "1.1.0"
      }
    },
    "original": {
      "version": "https://registry.npmjs.org/original/-/original-1.0.0.tgz",
      "integrity": "sha1-kUf5P6FpbQS+YeAb1QuurKZWvTs=",
      "requires": {
        "url-parse": "https://registry.npmjs.org/url-parse/-/url-parse-1.0.5.tgz"
      },
      "dependencies": {
        "url-parse": {
          "version": "https://registry.npmjs.org/url-parse/-/url-parse-1.0.5.tgz",
          "integrity": "sha1-CFSGBCKv3P7+tsllxmLUgAFpkns=",
          "requires": {
            "querystringify": "https://registry.npmjs.org/querystringify/-/querystringify-0.0.4.tgz",
            "requires-port": "https://registry.npmjs.org/requires-port/-/requires-port-1.0.0.tgz"
          }
        }
      }
    },
    "packet-reader": {
      "version": "https://registry.npmjs.org/packet-reader/-/packet-reader-0.3.1.tgz",
      "integrity": "sha1-zWLmCvjX/qinBexP+ZCHHEaHHyc="
    },
    "pg": {
      "version": "https://registry.npmjs.org/pg/-/pg-7.3.0.tgz",
      "integrity": "sha1-J14nRm5UpkX2tKFvasrfa4Sa2Ds=",
      "requires": {
        "buffer-writer": "https://registry.npmjs.org/buffer-writer/-/buffer-writer-1.0.1.tgz",
        "js-string-escape": "https://registry.npmjs.org/js-string-escape/-/js-string-escape-1.0.1.tgz",
        "packet-reader": "https://registry.npmjs.org/packet-reader/-/packet-reader-0.3.1.tgz",
        "pg-connection-string": "https://registry.npmjs.org/pg-connection-string/-/pg-connection-string-0.1.3.tgz",
        "pg-pool": "https://registry.npmjs.org/pg-pool/-/pg-pool-2.0.3.tgz",
        "pg-types": "https://registry.npmjs.org/pg-types/-/pg-types-1.12.1.tgz",
        "pgpass": "https://registry.npmjs.org/pgpass/-/pgpass-1.0.2.tgz",
        "semver": "https://registry.npmjs.org/semver/-/semver-4.3.2.tgz"
      }
    },
    "pg-connection-string": {
      "version": "https://registry.npmjs.org/pg-connection-string/-/pg-connection-string-0.1.3.tgz",
      "integrity": "sha1-2hhHsglA5C7hSSvq9l1J2RskXfc="
    },
    "pg-pool": {
      "version": "https://registry.npmjs.org/pg-pool/-/pg-pool-2.0.3.tgz",
      "integrity": "sha1-wCIDLIlJ8xKk+R+2QJzgQHa+Mlc="
    },
    "pg-types": {
      "version": "https://registry.npmjs.org/pg-types/-/pg-types-1.12.1.tgz",
      "integrity": "sha1-1kCH45A7WP+q0nnnWVxSIIoUw9I=",
      "requires": {
        "postgres-array": "https://registry.npmjs.org/postgres-array/-/postgres-array-1.0.2.tgz",
        "postgres-bytea": "https://registry.npmjs.org/postgres-bytea/-/postgres-bytea-1.0.0.tgz",
        "postgres-date": "https://registry.npmjs.org/postgres-date/-/postgres-date-1.0.3.tgz",
        "postgres-interval": "https://registry.npmjs.org/postgres-interval/-/postgres-interval-1.1.1.tgz"
      }
    },
    "pgpass": {
      "version": "https://registry.npmjs.org/pgpass/-/pgpass-1.0.2.tgz",
      "integrity": "sha1-Knu0G2BltnkH6R2hsHwYR8h3swY=",
      "requires": {
        "split": "https://registry.npmjs.org/split/-/split-1.0.1.tgz"
      }
    },
    "pipedrive": {
      "version": "https://registry.npmjs.org/pipedrive/-/pipedrive-3.0.2.tgz",
      "integrity": "sha1-9fx1nIoTKsmP8ewE4HvL6Wkf9H4=",
      "requires": {
        "async": "https://registry.npmjs.org/async/-/async-0.9.2.tgz",
        "fetch": "https://registry.npmjs.org/fetch/-/fetch-0.3.6.tgz",
        "lodash": "https://registry.npmjs.org/lodash/-/lodash-2.4.2.tgz",
        "mime": "https://registry.npmjs.org/mime/-/mime-1.2.11.tgz",
        "qs": "https://registry.npmjs.org/qs/-/qs-2.1.0.tgz",
        "sockjs-client": "https://registry.npmjs.org/sockjs-client/-/sockjs-client-1.1.4.tgz"
      }
    },
    "postgres-array": {
      "version": "https://registry.npmjs.org/postgres-array/-/postgres-array-1.0.2.tgz",
      "integrity": "sha1-jgsy6wO/d6XAp4UeBEHBaaJWojg="
    },
    "postgres-bytea": {
      "version": "https://registry.npmjs.org/postgres-bytea/-/postgres-bytea-1.0.0.tgz",
      "integrity": "sha1-AntTPAqokOJtFy1Hz5zOzFIazTU="
    },
    "postgres-date": {
      "version": "https://registry.npmjs.org/postgres-date/-/postgres-date-1.0.3.tgz",
      "integrity": "sha1-4tiXAu/bJY/52c7g/pG9BpdSV6g="
    },
    "postgres-interval": {
      "version": "https://registry.npmjs.org/postgres-interval/-/postgres-interval-1.1.1.tgz",
      "integrity": "sha1-rNsPiXtLHG5JbZ1OCoU+HEKPBvA=",
      "requires": {
        "xtend": "https://registry.npmjs.org/xtend/-/xtend-4.0.1.tgz"
      }
    },
    "qs": {
      "version": "https://registry.npmjs.org/qs/-/qs-2.1.0.tgz",
      "integrity": "sha1-lZ17LInsw+L4pLJ2a0+wCyXjbeU="
    },
    "querystringify": {
      "version": "https://registry.npmjs.org/querystringify/-/querystringify-0.0.4.tgz",
      "integrity": "sha1-DPf4T5Rj/wrlHExLFC2VvjdyTZw="
    },
    "r2": {
      "version": "2.0.0",
      "resolved": "https://registry.npmjs.org/r2/-/r2-2.0.0.tgz",
      "integrity": "sha512-qZ3W0BiiNCZ4EnixbsD1k2KgFk6mM97wRxDWMMtQwqUEmivju9kOyYsoO0hvhnof/niJ1/gIldSB3h2K86bZiQ==",
      "requires": {
        "caseless": "0.12.0",
        "node-fetch": "2.0.0-alpha.9",
        "typedarray-to-buffer": "3.1.2"
      },
      "dependencies": {
        "node-fetch": {
          "version": "2.0.0-alpha.9",
          "resolved": "https://registry.npmjs.org/node-fetch/-/node-fetch-2.0.0-alpha.9.tgz",
          "integrity": "sha512-I7wP1QkmBNX1mt4BS5zyLRTegl5Ii+MSalpfFefn+EZFrGVsdfCvLTKt9eHkNlU4phKgp3tqLWW8VXDcCm9m9w=="
        }
      }
    },
    "requires-port": {
      "version": "https://registry.npmjs.org/requires-port/-/requires-port-1.0.0.tgz",
      "integrity": "sha1-kl0mAdOaxIXgkc8NpcbmlNw9yv8="
    },
    "retry-as-promised": {
      "version": "2.3.1",
      "resolved": "https://registry.npmjs.org/retry-as-promised/-/retry-as-promised-2.3.1.tgz",
      "integrity": "sha1-91BZGD+XMHccCbrR7tV1N5McvJ0=",
      "requires": {
        "bluebird": "3.5.1",
        "debug": "https://registry.npmjs.org/debug/-/debug-2.6.9.tgz"
      }
    },
    "semver": {
      "version": "https://registry.npmjs.org/semver/-/semver-4.3.2.tgz",
      "integrity": "sha1-x6BxWKgL7dBSNVt3DYLWZA+AO+c="
    },
    "sequelize": {
      "version": "4.13.5",
      "resolved": "https://registry.npmjs.org/sequelize/-/sequelize-4.13.5.tgz",
      "integrity": "sha512-0sOQBWYnnzP8pkmo6E4vFHIy5Ye2U3zNHcKo5HCRxdjOXs7G+uybiUd6vRh+Sj0XsBVfhwdADyjf0jmmirUWFA==",
      "requires": {
        "bluebird": "3.5.1",
        "cls-bluebird": "2.0.1",
        "debug": "3.1.0",
        "depd": "1.1.1",
        "dottie": "2.0.0",
        "generic-pool": "3.1.8",
        "inflection": "1.12.0",
        "lodash": "4.17.4",
        "moment": "2.18.1",
        "moment-timezone": "0.5.13",
        "retry-as-promised": "2.3.1",
        "semver": "5.4.1",
        "terraformer-wkt-parser": "1.1.2",
        "toposort-class": "1.0.1",
        "uuid": "3.1.0",
        "validator": "8.2.0",
        "wkx": "0.4.2"
      },
      "dependencies": {
        "debug": {
          "version": "3.1.0",
          "resolved": "https://registry.npmjs.org/debug/-/debug-3.1.0.tgz",
          "integrity": "sha512-OX8XqP7/1a9cqkxYw2yXss15f26NKWBpDXQd0/uK/KPqdQhxbPa994hnzjcE2VqQpDslf55723cKPUOGSmMY3g==",
          "requires": {
            "ms": "https://registry.npmjs.org/ms/-/ms-2.0.0.tgz"
          }
        },
        "lodash": {
          "version": "4.17.4",
          "resolved": "https://registry.npmjs.org/lodash/-/lodash-4.17.4.tgz",
          "integrity": "sha1-eCA6TRwyiuHYbcpkYONptX9AVa4="
        },
        "semver": {
          "version": "5.4.1",
          "resolved": "https://registry.npmjs.org/semver/-/semver-5.4.1.tgz",
          "integrity": "sha512-WfG/X9+oATh81XtllIo/I8gOiY9EXRdv1cQdyykeXK17YcUW3EXUAi2To4pcH6nZtJPr7ZOpM5OMyWJZm+8Rsg=="
        }
      }
    },
    "shimmer": {
      "version": "1.1.0",
      "resolved": "https://registry.npmjs.org/shimmer/-/shimmer-1.1.0.tgz",
      "integrity": "sha1-l9c3cTf/u6tCVSLkKf4KqJpIizU="
    },
    "sockjs-client": {
      "version": "https://registry.npmjs.org/sockjs-client/-/sockjs-client-1.1.4.tgz",
      "integrity": "sha1-W6vjhrd15M8U51IJEUUmVAFsixI=",
      "requires": {
        "debug": "https://registry.npmjs.org/debug/-/debug-2.6.9.tgz",
        "eventsource": "https://registry.npmjs.org/eventsource/-/eventsource-0.1.6.tgz",
        "faye-websocket": "https://registry.npmjs.org/faye-websocket/-/faye-websocket-0.11.1.tgz",
        "inherits": "https://registry.npmjs.org/inherits/-/inherits-2.0.3.tgz",
        "json3": "https://registry.npmjs.org/json3/-/json3-3.3.2.tgz",
        "url-parse": "https://registry.npmjs.org/url-parse/-/url-parse-1.1.9.tgz"
      }
    },
    "split": {
      "version": "https://registry.npmjs.org/split/-/split-1.0.1.tgz",
      "integrity": "sha1-YFvZvjA6pZ+zX5Ip++oN3snqB9k=",
      "requires": {
        "through": "https://registry.npmjs.org/through/-/through-2.3.8.tgz"
      }
    },
    "terraformer": {
      "version": "1.0.8",
      "resolved": "https://registry.npmjs.org/terraformer/-/terraformer-1.0.8.tgz",
      "integrity": "sha1-UeCtiXRvzyFh3G9lqnDkI3fItZM=",
      "requires": {
        "@types/geojson": "1.0.4"
      }
    },
    "terraformer-wkt-parser": {
      "version": "1.1.2",
      "resolved": "https://registry.npmjs.org/terraformer-wkt-parser/-/terraformer-wkt-parser-1.1.2.tgz",
      "integrity": "sha1-M2oMj8gglKWv+DKI9prt7NNpvww=",
      "requires": {
        "terraformer": "1.0.8"
      }
    },
    "through": {
      "version": "https://registry.npmjs.org/through/-/through-2.3.8.tgz",
      "integrity": "sha1-DdTJ/6q8NXlgsbckEV1+Doai4fU="
    },
    "toposort-class": {
      "version": "1.0.1",
      "resolved": "https://registry.npmjs.org/toposort-class/-/toposort-class-1.0.1.tgz",
      "integrity": "sha1-f/0feMi+KMO6Rc1OGj9e4ZO9mYg="
    },
    "typedarray-to-buffer": {
      "version": "3.1.2",
      "resolved": "https://registry.npmjs.org/typedarray-to-buffer/-/typedarray-to-buffer-3.1.2.tgz",
      "integrity": "sha1-EBezLZhP9VbroQD1AViauhrOLgQ=",
      "requires": {
        "is-typedarray": "1.0.0"
      }
    },
    "url-parse": {
      "version": "https://registry.npmjs.org/url-parse/-/url-parse-1.1.9.tgz",
      "integrity": "sha1-xn8dd11R8KGJEd17P/rSe7nlvRk=",
      "requires": {
        "querystringify": "https://registry.npmjs.org/querystringify/-/querystringify-1.0.0.tgz",
        "requires-port": "https://registry.npmjs.org/requires-port/-/requires-port-1.0.0.tgz"
      },
      "dependencies": {
        "querystringify": {
          "version": "https://registry.npmjs.org/querystringify/-/querystringify-1.0.0.tgz",
          "integrity": "sha1-YoYkIRLFtxL6ZU5SZlK/ahP/Bcs="
        }
      }
    },
    "uuid": {
      "version": "3.1.0",
      "resolved": "https://registry.npmjs.org/uuid/-/uuid-3.1.0.tgz",
      "integrity": "sha512-DIWtzUkw04M4k3bf1IcpS2tngXEL26YUD2M0tMDUpnUrz2hgzUBlD55a4FjdLGPvfHxS6uluGWvaVEqgBcVa+g=="
    },
    "validator": {
      "version": "8.2.0",
      "resolved": "https://registry.npmjs.org/validator/-/validator-8.2.0.tgz",
      "integrity": "sha512-Yw5wW34fSv5spzTXNkokD6S6/Oq92d8q/t14TqsS3fAiA1RYnxSFSIZ+CY3n6PGGRCq5HhJTSepQvFUS2QUDxA=="
    },
    "websocket-driver": {
      "version": "https://registry.npmjs.org/websocket-driver/-/websocket-driver-0.7.0.tgz",
      "integrity": "sha1-DK+dLXVdk67gSdS90NP+LMoqJOs=",
      "requires": {
        "http-parser-js": "https://registry.npmjs.org/http-parser-js/-/http-parser-js-0.4.9.tgz",
        "websocket-extensions": "https://registry.npmjs.org/websocket-extensions/-/websocket-extensions-0.1.2.tgz"
      }
    },
    "websocket-extensions": {
      "version": "https://registry.npmjs.org/websocket-extensions/-/websocket-extensions-0.1.2.tgz",
      "integrity": "sha1-Dhh4HeYpoYMIzhSBZQ9n/6JpOl0="
    },
    "wkx": {
      "version": "0.4.2",
      "resolved": "https://registry.npmjs.org/wkx/-/wkx-0.4.2.tgz",
      "integrity": "sha1-d201pjSlwi5lbkdEvetU+D/Szo0=",
      "requires": {
        "@types/node": "8.0.32"
      }
    },
    "xtend": {
      "version": "https://registry.npmjs.org/xtend/-/xtend-4.0.1.tgz",
      "integrity": "sha1-pcbVMr5lbiPbgg77lDofBJmNY68="
    }
  }
}
